// !$*UTF8*$!
{
	archiveVersion = 1;
	classes = {
	};
	objectVersion = 51;
	objects = {

/* Begin PBXBuildFile section */
		76D4B97A141598DBF849390D /* Pods_ATSwitchControlExample.framework in Frameworks */ = {isa = PBXBuildFile; fileRef = 36C9DC9C80ED8C3A7C1D0918 /* Pods_ATSwitchControlExample.framework */; };
		A36C320922A7AC0B0067FC97 /* AppDelegate.swift in Sources */ = {isa = PBXBuildFile; fileRef = A36C320822A7AC0B0067FC97 /* AppDelegate.swift */; };
		A36C320B22A7AC0B0067FC97 /* ViewController.swift in Sources */ = {isa = PBXBuildFile; fileRef = A36C320A22A7AC0B0067FC97 /* ViewController.swift */; };
		A36C320E22A7AC0B0067FC97 /* Main.storyboard in Resources */ = {isa = PBXBuildFile; fileRef = A36C320C22A7AC0B0067FC97 /* Main.storyboard */; };
		A36C321022A7AC0C0067FC97 /* Assets.xcassets in Resources */ = {isa = PBXBuildFile; fileRef = A36C320F22A7AC0C0067FC97 /* Assets.xcassets */; };
		A36C321322A7AC0C0067FC97 /* LaunchScreen.storyboard in Resources */ = {isa = PBXBuildFile; fileRef = A36C321122A7AC0C0067FC97 /* LaunchScreen.storyboard */; };
/* End PBXBuildFile section */

/* Begin PBXFileReference section */
		36C9DC9C80ED8C3A7C1D0918 /* Pods_ATSwitchControlExample.framework */ = {isa = PBXFileReference; explicitFileType = wrapper.framework; includeInIndex = 0; path = Pods_ATSwitchControlExample.framework; sourceTree = BUILT_PRODUCTS_DIR; };
		91288BED7D7674BE25F739C7 /* Pods-ATSwitchControlExample.release.xcconfig */ = {isa = PBXFileReference; includeInIndex = 1; lastKnownFileType = text.xcconfig; name = "Pods-ATSwitchControlExample.release.xcconfig"; path = "Target Support Files/Pods-ATSwitchControlExample/Pods-ATSwitchControlExample.release.xcconfig"; sourceTree = "<group>"; };
		A36C320522A7AC0B0067FC97 /* ATSwitchControlExample.app */ = {isa = PBXFileReference; explicitFileType = wrapper.application; includeInIndex = 0; path = ATSwitchControlExample.app; sourceTree = BUILT_PRODUCTS_DIR; };
		A36C320822A7AC0B0067FC97 /* AppDelegate.swift */ = {isa = PBXFileReference; lastKnownFileType = sourcecode.swift; path = AppDelegate.swift; sourceTree = "<group>"; };
		A36C320A22A7AC0B0067FC97 /* ViewController.swift */ = {isa = PBXFileReference; lastKnownFileType = sourcecode.swift; path = ViewController.swift; sourceTree = "<group>"; };
		A36C320D22A7AC0B0067FC97 /* Base */ = {isa = PBXFileReference; lastKnownFileType = file.storyboard; name = Base; path = Base.lproj/Main.storyboard; sourceTree = "<group>"; };
		A36C320F22A7AC0C0067FC97 /* Assets.xcassets */ = {isa = PBXFileReference; lastKnownFileType = folder.assetcatalog; path = Assets.xcassets; sourceTree = "<group>"; };
		A36C321222A7AC0C0067FC97 /* Base */ = {isa = PBXFileReference; lastKnownFileType = file.storyboard; name = Base; path = Base.lproj/LaunchScreen.storyboard; sourceTree = "<group>"; };
		A36C321422A7AC0C0067FC97 /* Info.plist */ = {isa = PBXFileReference; lastKnownFileType = text.plist.xml; path = Info.plist; sourceTree = "<group>"; };
		B173D962FCC17BAE70B1F133 /* Pods-ATSwitchControlExample.debug.xcconfig */ = {isa = PBXFileReference; includeInIndex = 1; lastKnownFileType = text.xcconfig; name = "Pods-ATSwitchControlExample.debug.xcconfig"; path = "Target Support Files/Pods-ATSwitchControlExample/Pods-ATSwitchControlExample.debug.xcconfig"; sourceTree = "<group>"; };
/* End PBXFileReference section */

/* Begin PBXFrameworksBuildPhase section */
		A36C320222A7AC0B0067FC97 /* Frameworks */ = {
			isa = PBXFrameworksBuildPhase;
			buildActionMask = 2147483647;
			files = (
				76D4B97A141598DBF849390D /* Pods_ATSwitchControlExample.framework in Frameworks */,
			);
			runOnlyForDeploymentPostprocessing = 0;
		};
/* End PBXFrameworksBuildPhase section */

/* Begin PBXGroup section */
		2242D570D825A1CAAFDFE2BE /* Pods */ = {
			isa = PBXGroup;
			children = (
				B173D962FCC17BAE70B1F133 /* Pods-ATSwitchControlExample.debug.xcconfig */,
				91288BED7D7674BE25F739C7 /* Pods-ATSwitchControlExample.release.xcconfig */,
			);
			path = Pods;
			sourceTree = "<group>";
		};
		51627E44AE44E1612D1588C7 /* Frameworks */ = {
			isa = PBXGroup;
			children = (
				36C9DC9C80ED8C3A7C1D0918 /* Pods_ATSwitchControlExample.framework */,
			);
			name = Frameworks;
			sourceTree = "<group>";
		};
		A36C31FC22A7AC0B0067FC97 = {
			isa = PBXGroup;
			children = (
				A36C320722A7AC0B0067FC97 /* ATSwitchControlExample */,
				A36C320622A7AC0B0067FC97 /* Products */,
				2242D570D825A1CAAFDFE2BE /* Pods */,
				51627E44AE44E1612D1588C7 /* Frameworks */,
			);
			sourceTree = "<group>";
		};
		A36C320622A7AC0B0067FC97 /* Products */ = {
			isa = PBXGroup;
			children = (
				A36C320522A7AC0B0067FC97 /* ATSwitchControlExample.app */,
			);
			name = Products;
			sourceTree = "<group>";
		};
		A36C320722A7AC0B0067FC97 /* ATSwitchControlExample */ = {
			isa = PBXGroup;
			children = (
				A36C320822A7AC0B0067FC97 /* AppDelegate.swift */,
				A36C320A22A7AC0B0067FC97 /* ViewController.swift */,
				A36C320C22A7AC0B0067FC97 /* Main.storyboard */,
				A36C320F22A7AC0C0067FC97 /* Assets.xcassets */,
				A36C321122A7AC0C0067FC97 /* LaunchScreen.storyboard */,
				A36C321422A7AC0C0067FC97 /* Info.plist */,
			);
			path = ATSwitchControlExample;
			sourceTree = "<group>";
		};
/* End PBXGroup section */

/* Begin PBXNativeTarget section */
		A36C320422A7AC0B0067FC97 /* ATSwitchControlExample */ = {
			isa = PBXNativeTarget;
			buildConfigurationList = A36C321722A7AC0C0067FC97 /* Build configuration list for PBXNativeTarget "ATSwitchControlExample" */;
			buildPhases = (
				1F75C56D4BD7C84EF4CB388D /* [CP] Check Pods Manifest.lock */,
				A36C320122A7AC0B0067FC97 /* Sources */,
				A36C320222A7AC0B0067FC97 /* Frameworks */,
				A36C320322A7AC0B0067FC97 /* Resources */,
				6E1C6B7919E001F7024A6FD8 /* [CP] Embed Pods Frameworks */,
			);
			buildRules = (
			);
			dependencies = (
			);
			name = ATSwitchControlExample;
			productName = ATSwitchControlExample;
			productReference = A36C320522A7AC0B0067FC97 /* ATSwitchControlExample.app */;
			productType = "com.apple.product-type.application";
		};
/* End PBXNativeTarget section */

/* Begin PBXProject section */
		A36C31FD22A7AC0B0067FC97 /* Project object */ = {
			isa = PBXProject;
			attributes = {
				LastSwiftUpdateCheck = 1020;
				LastUpgradeCheck = 1020;
				ORGANIZATIONNAME = "Âu Ngọc Thái";
				TargetAttributes = {
					A36C320422A7AC0B0067FC97 = {
						CreatedOnToolsVersion = 10.2.1;
					};
				};
			};
			buildConfigurationList = A36C320022A7AC0B0067FC97 /* Build configuration list for PBXProject "ATSwitchControlExample" */;
			compatibilityVersion = "Xcode 9.3";
			developmentRegion = en;
			hasScannedForEncodings = 0;
			knownRegions = (
				en,
				Base,
			);
			mainGroup = A36C31FC22A7AC0B0067FC97;
			productRefGroup = A36C320622A7AC0B0067FC97 /* Products */;
			projectDirPath = "";
			projectRoot = "";
			targets = (
				A36C320422A7AC0B0067FC97 /* ATSwitchControlExample */,
			);
		};
/* End PBXProject section */

/* Begin PBXResourcesBuildPhase section */
		A36C320322A7AC0B0067FC97 /* Resources */ = {
			isa = PBXResourcesBuildPhase;
			buildActionMask = 2147483647;
			files = (
				A36C321322A7AC0C0067FC97 /* LaunchScreen.storyboard in Resources */,
				A36C321022A7AC0C0067FC97 /* Assets.xcassets in Resources */,
				A36C320E22A7AC0B0067FC97 /* Main.storyboard in Resources */,
			);
			runOnlyForDeploymentPostprocessing = 0;
		};
/* End PBXResourcesBuildPhase section */

/* Begin PBXShellScriptBuildPhase section */
		1F75C56D4BD7C84EF4CB388D /* [CP] Check Pods Manifest.lock */ = {
			isa = PBXShellScriptBuildPhase;
			buildActionMask = 2147483647;
			files = (
			);
			inputFileListPaths = (
			);
			inputPaths = (
				"${PODS_PODFILE_DIR_PATH}/Podfile.lock",
				"${PODS_ROOT}/Manifest.lock",
			);
			name = "[CP] Check Pods Manifest.lock";
			outputFileListPaths = (
			);
			outputPaths = (
				"$(DERIVED_FILE_DIR)/Pods-ATSwitchControlExample-checkManifestLockResult.txt",
			);
			runOnlyForDeploymentPostprocessing = 0;
			shellPath = /bin/sh;
			shellScript = "diff \"${PODS_PODFILE_DIR_PATH}/Podfile.lock\" \"${PODS_ROOT}/Manifest.lock\" > /dev/null\nif [ $? != 0 ] ; then\n    # print error to STDERR\n    echo \"error: The sandbox is not in sync with the Podfile.lock. Run 'pod install' or update your CocoaPods installation.\" >&2\n    exit 1\nfi\n# This output is used by Xcode 'outputs' to avoid re-running this script phase.\necho \"SUCCESS\" > \"${SCRIPT_OUTPUT_FILE_0}\"\n";
			showEnvVarsInLog = 0;
		};
		6E1C6B7919E001F7024A6FD8 /* [CP] Embed Pods Frameworks */ = {
			isa = PBXShellScriptBuildPhase;
			buildActionMask = 2147483647;
			files = (
			);
			inputFileListPaths = (
				"${PODS_ROOT}/Target Support Files/Pods-ATSwitchControlExample/Pods-ATSwitchControlExample-frameworks-${CONFIGURATION}-input-files.xcfilelist",
			);
			name = "[CP] Embed Pods Frameworks";
			outputFileListPaths = (
				"${PODS_ROOT}/Target Support Files/Pods-ATSwitchControlExample/Pods-ATSwitchControlExample-frameworks-${CONFIGURATION}-output-files.xcfilelist",
			);
			runOnlyForDeploymentPostprocessing = 0;
			shellPath = /bin/sh;
			shellScript = "\"${PODS_ROOT}/Target Support Files/Pods-ATSwitchControlExample/Pods-ATSwitchControlExample-frameworks.sh\"\n";
			showEnvVarsInLog = 0;
		};
/* End PBXShellScriptBuildPhase section */

/* Begin PBXSourcesBuildPhase section */
		A36C320122A7AC0B0067FC97 /* Sources */ = {
			isa = PBXSourcesBuildPhase;
			buildActionMask = 2147483647;
			files = (
				A36C320B22A7AC0B0067FC97 /* ViewController.swift in Sources */,
				A36C320922A7AC0B0067FC97 /* AppDelegate.swift in Sources */,
			);
			runOnlyForDeploymentPostprocessing = 0;
		};
/* End PBXSourcesBuildPhase section */

/* Begin PBXVariantGroup section */
		A36C320C22A7AC0B0067FC97 /* Main.storyboard */ = {
			isa = PBXVariantGroup;
			children = (
				A36C320D22A7AC0B0067FC97 /* Base */,
			);
			name = Main.storyboard;
			sourceTree = "<group>";
		};
		A36C321122A7AC0C0067FC97 /* LaunchScreen.storyboard */ = {
			isa = PBXVariantGroup;
			children = (
				A36C321222A7AC0C0067FC97 /* Base */,
			);
			name = LaunchScreen.storyboard;
			sourceTree = "<group>";
		};
/* End PBXVariantGroup section */

/* Begin XCBuildConfiguration section */
		A36C321522A7AC0C0067FC97 /* Debug */ = {
			isa = XCBuildConfiguration;
			buildSettings = {
				ALWAYS_SEARCH_USER_PATHS = NO;
				CLANG_ANALYZER_NONNULL = YES;
				CLANG_ANALYZER_NUMBER_OBJECT_CONVERSION = YES_AGGRESSIVE;
				CLANG_CXX_LANGUAGE_STANDARD = "gnu++14";
				CLANG_CXX_LIBRARY = "libc++";
				CLANG_ENABLE_MODULES = YES;
				CLANG_ENABLE_OBJC_ARC = YES;
				CLANG_ENABLE_OBJC_WEAK = YES;
				CLANG_WARN_BLOCK_CAPTURE_AUTORELEASING = YES;
				CLANG_WARN_BOOL_CONVERSION = YES;
				CLANG_WARN_COMMA = YES;
				CLANG_WARN_CONSTANT_CONVERSION = YES;
				CLANG_WARN_DEPRECATED_OBJC_IMPLEMENTATIONS = YES;
				CLANG_WARN_DIRECT_OBJC_ISA_USAGE = YES_ERROR;
				CLANG_WARN_DOCUMENTATION_COMMENTS = YES;
				CLANG_WARN_EMPTY_BODY = YES;
				CLANG_WARN_ENUM_CONVERSION = YES;
				CLANG_WARN_INFINITE_RECURSION = YES;
				CLANG_WARN_INT_CONVERSION = YES;
				CLANG_WARN_NON_LITERAL_NULL_CONVERSION = YES;
				CLANG_WARN_OBJC_IMPLICIT_RETAIN_SELF = YES;
				CLANG_WARN_OBJC_LITERAL_CONVERSION = YES;
				CLANG_WARN_OBJC_ROOT_CLASS = YES_ERROR;
				CLANG_WARN_RANGE_LOOP_ANALYSIS = YES;
				CLANG_WARN_STRICT_PROTOTYPES = YES;
				CLANG_WARN_SUSPICIOUS_MOVE = YES;
				CLANG_WARN_UNGUARDED_AVAILABILITY = YES_AGGRESSIVE;
				CLANG_WARN_UNREACHABLE_CODE = YES;
				CLANG_WARN__DUPLICATE_METHOD_MATCH = YES;
				CODE_SIGN_IDENTITY = "iPhone Developer";
				COPY_PHASE_STRIP = NO;
				DEBUG_INFORMATION_FORMAT = dwarf;
				ENABLE_STRICT_OBJC_MSGSEND = YES;
				ENABLE_TESTABILITY = YES;
				GCC_C_LANGUAGE_STANDARD = gnu11;
				GCC_DYNAMIC_NO_PIC = NO;
				GCC_NO_COMMON_BLOCKS = YES;
				GCC_OPTIMIZATION_LEVEL = 0;
				GCC_PREPROCESSOR_DEFINITIONS = (
					"DEBUG=1",
					"$(inherited)",
				);
				GCC_WARN_64_TO_32_BIT_CONVERSION = YES;
				GCC_WARN_ABOUT_RETURN_TYPE = YES_ERROR;
				GCC_WARN_UNDECLARED_SELECTOR = YES;
				GCC_WARN_UNINITIALIZED_AUTOS = YES_AGGRESSIVE;
				GCC_WARN_UNUSED_FUNCTION = YES;
				GCC_WARN_UNUSED_VARIABLE = YES;
				IPHONEOS_DEPLOYMENT_TARGET = 11.0;
				MTL_ENABLE_DEBUG_INFO = INCLUDE_SOURCE;
				MTL_FAST_MATH = YES;
				ONLY_ACTIVE_ARCH = YES;
				SDKROOT = iphoneos;
				SWIFT_ACTIVE_COMPILATION_CONDITIONS = DEBUG;
				SWIFT_OPTIMIZATION_LEVEL = "-Onone";
			};
			name = Debug;
		};
		A36C321622A7AC0C0067FC97 /* Release */ = {
			isa = XCBuildConfiguration;
			buildSettings = {
				ALWAYS_SEARCH_USER_PATHS = NO;
				CLANG_ANALYZER_NONNULL = YES;
				CLANG_ANALYZER_NUMBER_OBJECT_CONVERSION = YES_AGGRESSIVE;
				CLANG_CXX_LANGUAGE_STANDARD = "gnu++14";
				CLANG_CXX_LIBRARY = "libc++";
				CLANG_ENABLE_MODULES = YES;
				CLANG_ENABLE_OBJC_ARC = YES;
				CLANG_ENABLE_OBJC_WEAK = YES;
				CLANG_WARN_BLOCK_CAPTURE_AUTORELEASING = YES;
				CLANG_WARN_BOOL_CONVERSION = YES;
				CLANG_WARN_COMMA = YES;
				CLANG_WARN_CONSTANT_CONVERSION = YES;
				CLANG_WARN_DEPRECATED_OBJC_IMPLEMENTATIONS = YES;
				CLANG_WARN_DIRECT_OBJC_ISA_USAGE = YES_ERROR;
				CLANG_WARN_DOCUMENTATION_COMMENTS = YES;
				CLANG_WARN_EMPTY_BODY = YES;
				CLANG_WARN_ENUM_CONVERSION = YES;
				CLANG_WARN_INFINITE_RECURSION = YES;
				CLANG_WARN_INT_CONVERSION = YES;
				CLANG_WARN_NON_LITERAL_NULL_CONVERSION = YES;
				CLANG_WARN_OBJC_IMPLICIT_RETAIN_SELF = YES;
				CLANG_WARN_OBJC_LITERAL_CONVERSION = YES;
				CLANG_WARN_OBJC_ROOT_CLASS = YES_ERROR;
				CLANG_WARN_RANGE_LOOP_ANALYSIS = YES;
				CLANG_WARN_STRICT_PROTOTYPES = YES;
				CLANG_WARN_SUSPICIOUS_MOVE = YES;
				CLANG_WARN_UNGUARDED_AVAILABILITY = YES_AGGRESSIVE;
				CLANG_WARN_UNREACHABLE_CODE = YES;
				CLANG_WARN__DUPLICATE_METHOD_MATCH = YES;
				CODE_SIGN_IDENTITY = "iPhone Developer";
				COPY_PHASE_STRIP = NO;
				DEBUG_INFORMATION_FORMAT = "dwarf-with-dsym";
				ENABLE_NS_ASSERTIONS = NO;
				ENABLE_STRICT_OBJC_MSGSEND = YES;
				GCC_C_LANGUAGE_STANDARD = gnu11;
				GCC_NO_COMMON_BLOCKS = YES;
				GCC_WARN_64_TO_32_BIT_CONVERSION = YES;
				GCC_WARN_ABOUT_RETURN_TYPE = YES_ERROR;
				GCC_WARN_UNDECLARED_SELECTOR = YES;
				GCC_WARN_UNINITIALIZED_AUTOS = YES_AGGRESSIVE;
				GCC_WARN_UNUSED_FUNCTION = YES;
				GCC_WARN_UNUSED_VARIABLE = YES;
				IPHONEOS_DEPLOYMENT_TARGET = 11.0;
				MTL_ENABLE_DEBUG_INFO = NO;
				MTL_FAST_MATH = YES;
				SDKROOT = iphoneos;
				SWIFT_COMPILATION_MODE = wholemodule;
				SWIFT_OPTIMIZATION_LEVEL = "-O";
				VALIDATE_PRODUCT = YES;
			};
			name = Release;
		};
		A36C321822A7AC0C0067FC97 /* Debug */ = {
			isa = XCBuildConfiguration;
			baseConfigurationReference = B173D962FCC17BAE70B1F133 /* Pods-ATSwitchControlExample.debug.xcconfig */;
			buildSettings = {
				ASSETCATALOG_COMPILER_APPICON_NAME = AppIcon;
				CODE_SIGN_STYLE = Automatic;
				DEVELOPMENT_TEAM = 3L4QNU2FD3;
				INFOPLIST_FILE = ATSwitchControlExample/Info.plist;
				IPHONEOS_DEPLOYMENT_TARGET = 11.0;
				LD_RUNPATH_SEARCH_PATHS = (
					"$(inherited)",
					"@executable_path/Frameworks",
				);
				PRODUCT_BUNDLE_IDENTIFIER = com.at.demo.ATSwitchControlExample;
				PRODUCT_NAME = "$(TARGET_NAME)";
				SWIFT_VERSION = 5.0;
				TARGETED_DEVICE_FAMILY = "1,2";
			};
			name = Debug;
		};
		A36C321922A7AC0C0067FC97 /* Release */ = {
			isa = XCBuildConfiguration;
			baseConfigurationReference = 91288BED7D7674BE25F739C7 /* Pods-ATSwitchControlExample.release.xcconfig */;
			buildSettings = {
				ASSETCATALOG_COMPILER_APPICON_NAME = AppIcon;
				CODE_SIGN_STYLE = Automatic;
				DEVELOPMENT_TEAM = 3L4QNU2FD3;
				INFOPLIST_FILE = ATSwitchControlExample/Info.plist;
				IPHONEOS_DEPLOYMENT_TARGET = 11.0;
				LD_RUNPATH_SEARCH_PATHS = (
					"$(inherited)",
					"@executable_path/Frameworks",
				);
				PRODUCT_BUNDLE_IDENTIFIER = com.at.demo.ATSwitchControlExample;
				PRODUCT_NAME = "$(TARGET_NAME)";
				SWIFT_VERSION = 5.0;
				TARGETED_DEVICE_FAMILY = "1,2";
			};
			name = Release;
		};
/* End XCBuildConfiguration section */

/* Begin XCConfigurationList section */
		A36C320022A7AC0B0067FC97 /* Build configuration list for PBXProject "ATSwitchControlExample" */ = {
			isa = XCConfigurationList;
			buildConfigurations = (
				A36C321522A7AC0C0067FC97 /* Debug */,
				A36C321622A7AC0C0067FC97 /* Release */,
			);
			defaultConfigurationIsVisible = 0;
			defaultConfigurationName = Release;
		};
		A36C321722A7AC0C0067FC97 /* Build configuration list for PBXNativeTarget "ATSwitchControlExample" */ = {
			isa = XCConfigurationList;
			buildConfigurations = (
				A36C321822A7AC0C0067FC97 /* Debug */,
				A36C321922A7AC0C0067FC97 /* Release */,
			);
			defaultConfigurationIsVisible = 0;
			defaultConfigurationName = Release;
		};
/* End XCConfigurationList section */
	};
	rootObject = A36C31FD22A7AC0B0067FC97 /* Project object */;
}
